
Microsoft Visual Studio Solution File, Format Version 12.00
# Visual Studio Version 17
VisualStudioVersion = 17.4.33403.182
MinimumVisualStudioVersion = 10.0.40219.1
Project("{9A19103F-16F7-4668-BE54-9A1E7A4F7556}") = "profile-uow-ops-dapper", "profile-uow-ops-dapper.csproj", "{CBD8487E-0686-423B-929A-9D485FAD1884}"
EndProject
Project("{9A19103F-16F7-4668-BE54-9A1E7A4F7556}") = "CleanArch.Core", "..\CleanArch.Core\CleanArch.Core.csproj", "{F00A17B4-2B02-4922-81BA-D9E761787167}"
EndProject
Project("{9A19103F-16F7-4668-BE54-9A1E7A4F7556}") = "CleanArch.Infrastructure", "..\Infrastructure\CleanArch.Infrastructure.csproj", "{EAFBB508-63C7-4B33-A81A-78CA4D4B2433}"
EndProject
Global
	GlobalSection(SolutionConfigurationPlatforms) = preSolution
		Debug|Any CPU = Debug|Any CPU
		Release|Any CPU = Release|Any CPU
	EndGlobalSection
	GlobalSection(ProjectConfigurationPlatforms) = postSolution
		{CBD8487E-0686-423B-929A-9D485FAD1884}.Debug|Any CPU.ActiveCfg = Debug|Any CPU
		{CBD8487E-0686-423B-929A-9D485FAD1884}.Debug|Any CPU.Build.0 = Debug|Any CPU
		{CBD8487E-0686-423B-929A-9D485FAD1884}.Release|Any CPU.ActiveCfg = Release|Any CPU
		{CBD8487E-0686-423B-929A-9D485FAD1884}.Release|Any CPU.Build.0 = Release|Any CPU
		{F00A17B4-2B02-4922-81BA-D9E761787167}.Debug|Any CPU.ActiveCfg = Debug|Any CPU
		{F00A17B4-2B02-4922-81BA-D9E761787167}.Debug|Any CPU.Build.0 = Debug|Any CPU
		{F00A17B4-2B02-4922-81BA-D9E761787167}.Release|Any CPU.ActiveCfg = Release|Any CPU
		{F00A17B4-2B02-4922-81BA-D9E761787167}.Release|Any CPU.Build.0 = Release|Any CPU
		{EAFBB508-63C7-4B33-A81A-78CA4D4B2433}.Debug|Any CPU.ActiveCfg = Debug|Any CPU
		{EAFBB508-63C7-4B33-A81A-78CA4D4B2433}.Debug|Any CPU.Build.0 = Debug|Any CPU
		{EAFBB508-63C7-4B33-A81A-78CA4D4B2433}.Release|Any CPU.ActiveCfg = Release|Any CPU
		{EAFBB508-63C7-4B33-A81A-78CA4D4B2433}.Release|Any CPU.Build.0 = Release|Any CPU
	EndGlobalSection
	GlobalSection(SolutionProperties) = preSolution
		HideSolutionNode = FALSE
	EndGlobalSection
	GlobalSection(ExtensibilityGlobals) = postSolution
		SolutionGuid = {DCE9D8E2-F5CC-4A9F-9C5A-16071D177A76}
	EndGlobalSection
EndGlobal
